
Microsoft Visual Studio Solution File, Format Version 12.00
# Visual Studio Version 17
VisualStudioVersion = 17.3.32922.545
MinimumVisualStudioVersion = 10.0.40219.1
Project("{FAE04EC0-301F-11D3-BF4B-00C04F79EFBC}") = "BobaTrackerDataAccessLayer", "BobaTrackerClassLibrary\BobaTrackerDataAccessLayer.csproj", "{B18C645E-B9D8-4A2D-BD6E-F27DFB1B6ED8}"
EndProject
Project("{FAE04EC0-301F-11D3-BF4B-00C04F79EFBC}") = "BobaTrackerAPI", "BobaTrackerAPI\BobaTrackerAPI.csproj", "{6032FF40-D62A-4BD1-9BF9-241A987DEA0E}"
EndProject
Global
	GlobalSection(SolutionConfigurationPlatforms) = preSolution
		Debug|Any CPU = Debug|Any CPU
		Release|Any CPU = Release|Any CPU
	EndGlobalSection
	GlobalSection(ProjectConfigurationPlatforms) = postSolution
		{B18C645E-B9D8-4A2D-BD6E-F27DFB1B6ED8}.Debug|Any CPU.ActiveCfg = Debug|Any CPU
		{B18C645E-B9D8-4A2D-BD6E-F27DFB1B6ED8}.Debug|Any CPU.Build.0 = Debug|Any CPU
		{B18C645E-B9D8-4A2D-BD6E-F27DFB1B6ED8}.Release|Any CPU.ActiveCfg = Release|Any CPU
		{B18C645E-B9D8-4A2D-BD6E-F27DFB1B6ED8}.Release|Any CPU.Build.0 = Release|Any CPU
		{6032FF40-D62A-4BD1-9BF9-241A987DEA0E}.Debug|Any CPU.ActiveCfg = Debug|Any CPU
		{6032FF40-D62A-4BD1-9BF9-241A987DEA0E}.Debug|Any CPU.Build.0 = Debug|Any CPU
		{6032FF40-D62A-4BD1-9BF9-241A987DEA0E}.Release|Any CPU.ActiveCfg = Release|Any CPU
		{6032FF40-D62A-4BD1-9BF9-241A987DEA0E}.Release|Any CPU.Build.0 = Release|Any CPU
	EndGlobalSection
	GlobalSection(SolutionProperties) = preSolution
		HideSolutionNode = FALSE
	EndGlobalSection
	GlobalSection(ExtensibilityGlobals) = postSolution
		SolutionGuid = {B1E6F410-0380-483C-B846-7FD0D61C6662}
	EndGlobalSection
EndGlobal
